{
  "name": "server",
  "version": "1.0.0",
  "lockfileVersion": 1,
  "requires": true,
  "dependencies": {
    "@aws-sdk/abort-controller": {
      "version": "0.1.0-preview.7",
      "resolved": "https://registry.npmjs.org/@aws-sdk/abort-controller/-/abort-controller-0.1.0-preview.7.tgz",
      "integrity": "sha512-UpAa0PQ4u1UdDYPU9ajO/vzfmSn3rTMjXQjlsd0Ue4oK/A2lffNN28+egMVuS+Ivs96pv1HAfA4t4tPw+U6wjA==",
      "requires": {
        "@aws-sdk/types": "^0.1.0-preview.7",
        "tslib": "^1.8.0"
      }
    },
    "@aws-sdk/client-cognito-identity-provider-node": {
      "version": "0.1.0-preview.2",
      "resolved": "https://registry.npmjs.org/@aws-sdk/client-cognito-identity-provider-node/-/client-cognito-identity-provider-node-0.1.0-preview.2.tgz",
      "integrity": "sha512-pnxcZR2M8athu5wzxeYm5Z4PBS2/VAvTID03PXZhbmMpfjPTrkZ66qH3GqPyRbofe4iIqgsU8Qfrv2t2Vj+3iw==",
      "requires": {
        "@aws-sdk/config-resolver": "^0.1.0-preview.5",
        "@aws-sdk/core-handler": "^0.1.0-preview.5",
        "@aws-sdk/credential-provider-node": "^0.1.0-preview.6",
        "@aws-sdk/hash-node": "^0.1.0-preview.5",
        "@aws-sdk/json-builder": "^0.1.0-preview.5",
        "@aws-sdk/json-error-unmarshaller": "^0.1.0-preview.6",
        "@aws-sdk/json-parser": "^0.1.0-preview.5",
        "@aws-sdk/middleware-content-length": "^0.1.0-preview.5",
        "@aws-sdk/middleware-header-default": "^0.1.0-preview.5",
        "@aws-sdk/middleware-serializer": "^0.1.0-preview.5",
        "@aws-sdk/middleware-stack": "^0.1.0-preview.6",
        "@aws-sdk/node-http-handler": "^0.1.0-preview.6",
        "@aws-sdk/protocol-json-rpc": "^0.1.0-preview.6",
        "@aws-sdk/region-provider": "^0.1.0-preview.5",
        "@aws-sdk/retry-middleware": "^0.1.0-preview.5",
        "@aws-sdk/signature-v4": "^0.1.0-preview.6",
        "@aws-sdk/signing-middleware": "^0.1.0-preview.6",
        "@aws-sdk/stream-collector-node": "^0.1.0-preview.5",
        "@aws-sdk/types": "^0.1.0-preview.5",
        "@aws-sdk/url-parser-node": "^0.1.0-preview.5",
        "@aws-sdk/util-base64-node": "^0.1.0-preview.3",
        "@aws-sdk/util-body-length-node": "^0.1.0-preview.4",
        "@aws-sdk/util-user-agent-node": "^0.1.0-preview.6",
        "@aws-sdk/util-utf8-node": "^0.1.0-preview.3",
        "tslib": "^1.8.0"
      }
    },
    "@aws-sdk/config-resolver": {
      "version": "0.1.0-preview.7",
      "resolved": "https://registry.npmjs.org/@aws-sdk/config-resolver/-/config-resolver-0.1.0-preview.7.tgz",
      "integrity": "sha512-clP/NFkGyIJzCPPZ9y9vc4rQD2O8euuEVtYDlHNPfe+791uo43I1/qhw20v31mPY1OH0dScf5Jn/n4Ed9YO1VA==",
      "requires": {
        "@aws-sdk/types": "^0.1.0-preview.7",
        "tslib": "^1.8.0"
      }
    },
    "@aws-sdk/core-handler": {
      "version": "0.1.0-preview.7",
      "resolved": "https://registry.npmjs.org/@aws-sdk/core-handler/-/core-handler-0.1.0-preview.7.tgz",
      "integrity": "sha512-F+BAYmcPGbbK2w6Y9i4RgK9f8ojUuQKoZuFCxiYoujLGoak/p81gACTz3dQyV9/NiY46EvmdpyaGQeLtpfuriQ==",
      "requires": {
        "@aws-sdk/types": "^0.1.0-preview.7",
        "tslib": "^1.8.0"
      }
    },
    "@aws-sdk/credential-provider-env": {
      "version": "0.1.0-preview.8",
      "resolved": "https://registry.npmjs.org/@aws-sdk/credential-provider-env/-/credential-provider-env-0.1.0-preview.8.tgz",
      "integrity": "sha512-wW2XRalzx8jAIsVSdOM4cDP3hgbvPy6UJhQwpn9N3kfb22G5FPEry6hlJKHAVzQ15tkTNd0C6SyRlXgC5zEzmA==",
      "requires": {
        "@aws-sdk/property-provider": "^0.1.0-preview.7",
        "@aws-sdk/protocol-timestamp": "^0.1.0-preview.7",
        "@aws-sdk/types": "^0.1.0-preview.7",
        "tslib": "^1.8.0"
      }
    },
    "@aws-sdk/credential-provider-imds": {
      "version": "0.1.0-preview.8",
      "resolved": "https://registry.npmjs.org/@aws-sdk/credential-provider-imds/-/credential-provider-imds-0.1.0-preview.8.tgz",
      "integrity": "sha512-l6qudUcrpfG8wGOCyOea1oZ42AF+m0h27m/BDvWA8KIclW6XjfJ0TAcQWNVYbDX91sBx3YWidqlNBuzs/bZfKw==",
      "requires": {
        "@aws-sdk/property-provider": "^0.1.0-preview.7",
        "@aws-sdk/types": "^0.1.0-preview.7",
        "tslib": "^1.8.0"
      }
    },
    "@aws-sdk/credential-provider-ini": {
      "version": "0.1.0-preview.7",
      "resolved": "https://registry.npmjs.org/@aws-sdk/credential-provider-ini/-/credential-provider-ini-0.1.0-preview.7.tgz",
      "integrity": "sha512-iIVGZonHwy08RJgW9AZURKAbRTcBtwZw9wWSkO1YgtFVKYHH81E+C/k3o9ljCD9TK+XfvB2dv5alPkS71EufIQ==",
      "requires": {
        "@aws-sdk/property-provider": "^0.1.0-preview.7",
        "@aws-sdk/shared-ini-file-loader": "^0.1.0-preview.3",
        "@aws-sdk/types": "^0.1.0-preview.7",
        "tslib": "^1.8.0"
      }
    },
    "@aws-sdk/credential-provider-node": {
      "version": "0.1.0-preview.10",
      "resolved": "https://registry.npmjs.org/@aws-sdk/credential-provider-node/-/credential-provider-node-0.1.0-preview.10.tgz",
      "integrity": "sha512-UWw89x1kCTiawc2MWYjavChk1bwy4dlp8WZyYeM/a4MqYacXPbcIOXEDVVL72PpCOqtxk0/RXnkLO2b7sUI0vg==",
      "requires": {
        "@aws-sdk/credential-provider-env": "^0.1.0-preview.8",
        "@aws-sdk/credential-provider-imds": "^0.1.0-preview.8",
        "@aws-sdk/credential-provider-ini": "^0.1.0-preview.7",
        "@aws-sdk/credential-provider-process": "^0.1.0-preview.5",
        "@aws-sdk/property-provider": "^0.1.0-preview.7",
        "@aws-sdk/types": "^0.1.0-preview.7",
        "tslib": "^1.8.0"
      }
    },
    "@aws-sdk/credential-provider-process": {
      "version": "0.1.0-preview.5",
      "resolved": "https://registry.npmjs.org/@aws-sdk/credential-provider-process/-/credential-provider-process-0.1.0-preview.5.tgz",
      "integrity": "sha512-OIBmuaul/aF3w3oCc1zIw+jE5tlhacrhCD/LXf0DornF8Bfp4oaYA5qJ4Lttu/Q25s2qW5+YEuFlDsnqpIQUyw==",
      "requires": {
        "@aws-sdk/credential-provider-ini": "^0.1.0-preview.7",
        "@aws-sdk/property-provider": "^0.1.0-preview.7",
        "@aws-sdk/shared-ini-file-loader": "^0.1.0-preview.3",
        "@aws-sdk/types": "^0.1.0-preview.7",
        "tslib": "^1.8.0"
      }
    },
    "@aws-sdk/hash-node": {
      "version": "0.1.0-preview.8",
      "resolved": "https://registry.npmjs.org/@aws-sdk/hash-node/-/hash-node-0.1.0-preview.8.tgz",
      "integrity": "sha512-tYBKE5ggAfw7oCLj3/jVJomruUMXhFOL+yH7xnKbgEjCi2m/jsSClCwjUbco2d5eFeC75t74RsFuyCREm9o+nw==",
      "requires": {
        "@aws-sdk/types": "^0.1.0-preview.7",
        "@aws-sdk/util-buffer-from": "^0.1.0-preview.3",
        "tslib": "^1.8.0"
      }
    },
    "@aws-sdk/is-array-buffer": {
      "version": "0.1.0-preview.3",
      "resolved": "https://registry.npmjs.org/@aws-sdk/is-array-buffer/-/is-array-buffer-0.1.0-preview.3.tgz",
      "integrity": "sha512-8SM7kBGkwH6JCKA6K1w4Jrj+EABFOPQkbPvwaf6BILYiUMUbgJvjOPjNQE2MrvRxJz50WAcZDHnlwhstuwIRnw==",
      "requires": {
        "tslib": "^1.8.0"
      }
    },
    "@aws-sdk/is-iterable": {
      "version": "0.1.0-preview.3",
      "resolved": "https://registry.npmjs.org/@aws-sdk/is-iterable/-/is-iterable-0.1.0-preview.3.tgz",
      "integrity": "sha512-dmqXKd7BlAGAaOz1dvmBw5MeOy/94LOxIRv4i8I76JPyTJsxFKjzJIHeRMnQ/5WJ3/POhmb6ZjBW/GwS/upaFw==",
      "requires": {
        "tslib": "^1.8.0"
      }
    },
    "@aws-sdk/json-builder": {
      "version": "0.1.0-preview.7",
      "resolved": "https://registry.npmjs.org/@aws-sdk/json-builder/-/json-builder-0.1.0-preview.7.tgz",
      "integrity": "sha512-gGrViVpR688e/3zQEXi7xb7/q4Nrz5w9DclJi6f32OHBphDkpv1SpHvf2WgA0949daU4QVKkyh0F6K2NygZtgg==",
      "requires": {
        "@aws-sdk/is-array-buffer": "^0.1.0-preview.3",
        "@aws-sdk/is-iterable": "^0.1.0-preview.3",
        "@aws-sdk/protocol-timestamp": "^0.1.0-preview.7",
        "@aws-sdk/types": "^0.1.0-preview.7",
        "tslib": "^1.8.0"
      }
    },
    "@aws-sdk/json-error-unmarshaller": {
      "version": "0.1.0-preview.8",
      "resolved": "https://registry.npmjs.org/@aws-sdk/json-error-unmarshaller/-/json-error-unmarshaller-0.1.0-preview.8.tgz",
      "integrity": "sha512-yCua3FUxKIahjDugSdQMj8g+DNT+R5gViL2CYZ05kXaUla+Qml8UDV5bPr/z21FM91Oe2d532eORXixWnWCVOQ==",
      "requires": {
        "@aws-sdk/response-metadata-extractor": "^0.1.0-preview.8",
        "@aws-sdk/types": "^0.1.0-preview.7",
        "@aws-sdk/util-error-constructor": "^0.1.0-preview.7"
      }
    },
    "@aws-sdk/json-parser": {
      "version": "0.1.0-preview.7",
      "resolved": "https://registry.npmjs.org/@aws-sdk/json-parser/-/json-parser-0.1.0-preview.7.tgz",
      "integrity": "sha512-EOcBUct4jkkUky+h3nw+jRo/eSREUFgqr0k9Cqcqsf6rSHN7+TCXT9tyo8CLpvDUPsbJj+Wmoylce04wU5HQkQ==",
      "requires": {
        "@aws-sdk/protocol-timestamp": "^0.1.0-preview.7",
        "@aws-sdk/types": "^0.1.0-preview.7",
        "tslib": "^1.8.0"
      }
    },
    "@aws-sdk/middleware-content-length": {
      "version": "0.1.0-preview.7",
      "resolved": "https://registry.npmjs.org/@aws-sdk/middleware-content-length/-/middleware-content-length-0.1.0-preview.7.tgz",
      "integrity": "sha512-6ZI+dY8VgWmKL48tBtFGFgllwdhKgqNztscLtYPmHl38zrz4sITJnyGwbYDGLW+xLIGDOQhyFd/6kWTqT9QyKQ==",
      "requires": {
        "@aws-sdk/types": "^0.1.0-preview.7",
        "tslib": "^1.8.0"
      }
    },
    "@aws-sdk/middleware-header-default": {
      "version": "0.1.0-preview.7",
      "resolved": "https://registry.npmjs.org/@aws-sdk/middleware-header-default/-/middleware-header-default-0.1.0-preview.7.tgz",
      "integrity": "sha512-hf7+YMiPnyzRKzmcZZ5v2NKkC6CKgo8nnckJ1A1OlvWYGq3hLMF1gKDMzdkEFjWJmDWv6AVNyHjw5qe4AV8LVA==",
      "requires": {
        "@aws-sdk/types": "^0.1.0-preview.7",
        "tslib": "^1.8.0"
      }
    },
    "@aws-sdk/middleware-serializer": {
      "version": "0.1.0-preview.7",
      "resolved": "https://registry.npmjs.org/@aws-sdk/middleware-serializer/-/middleware-serializer-0.1.0-preview.7.tgz",
      "integrity": "sha512-mc5xBnrdDM9k3a78cbTSw+VWTadpDQQBObSuAy4fCxrkPZa+APqRY+y9MMDQ0uWI80e6Ab1pt9wTx1/OM1uMWQ==",
      "requires": {
        "@aws-sdk/types": "^0.1.0-preview.7",
        "tslib": "^1.8.0"
      }
    },
    "@aws-sdk/middleware-stack": {
      "version": "0.1.0-preview.9",
      "resolved": "https://registry.npmjs.org/@aws-sdk/middleware-stack/-/middleware-stack-0.1.0-preview.9.tgz",
      "integrity": "sha512-UZPTIUL8df6bxhoRFmbE278mR5VkBgUakZ+g0+W7QP7yk7yOcA/PSNAoUQMXmyncTfrv9PS2RqByIqBGJ9nHRw==",
      "requires": {
        "@aws-sdk/types": "^0.1.0-preview.7",
        "tslib": "^1.8.0"
      }
    },
    "@aws-sdk/node-http-handler": {
      "version": "0.1.0-preview.8",
      "resolved": "https://registry.npmjs.org/@aws-sdk/node-http-handler/-/node-http-handler-0.1.0-preview.8.tgz",
      "integrity": "sha512-D3hISgch64L2rG8RQDi361ywoSgsyH/5Yj4ZF05ZCo8UZ8TjU1CtiLPKy1is0XLqojhLlDAQ65lNna44xoArcw==",
      "requires": {
        "@aws-sdk/abort-controller": "^0.1.0-preview.7",
        "@aws-sdk/querystring-builder": "^0.1.0-preview.7",
        "@aws-sdk/types": "^0.1.0-preview.7",
        "tslib": "^1.8.0"
      }
    },
    "@aws-sdk/property-provider": {
      "version": "0.1.0-preview.7",
      "resolved": "https://registry.npmjs.org/@aws-sdk/property-provider/-/property-provider-0.1.0-preview.7.tgz",
      "integrity": "sha512-8yKkR78XC3fvdd+ePohfLuZHKBL7e3k+t82JL775phiXO94WHiz/hlvm6tGhNz5zKzz72yLrJPCyoQAZLrxrTg==",
      "requires": {
        "@aws-sdk/types": "^0.1.0-preview.7",
        "tslib": "^1.8.0"
      }
    },
    "@aws-sdk/protocol-json-rpc": {
      "version": "0.1.0-preview.8",
      "resolved": "https://registry.npmjs.org/@aws-sdk/protocol-json-rpc/-/protocol-json-rpc-0.1.0-preview.8.tgz",
      "integrity": "sha512-HF7g/xE/mGLzaYqO5tDFqxFvHS4vbuLAmRsWnUKsNBzg+G9+r6XK+4+PrUKwEJT69lNXezUetjwuemqnycsStA==",
      "requires": {
        "@aws-sdk/is-array-buffer": "^0.1.0-preview.3",
        "@aws-sdk/response-metadata-extractor": "^0.1.0-preview.8",
        "@aws-sdk/types": "^0.1.0-preview.7",
        "@aws-sdk/util-error-constructor": "^0.1.0-preview.7",
        "tslib": "^1.8.0"
      }
    },
    "@aws-sdk/protocol-timestamp": {
      "version": "0.1.0-preview.7",
      "resolved": "https://registry.npmjs.org/@aws-sdk/protocol-timestamp/-/protocol-timestamp-0.1.0-preview.7.tgz",
      "integrity": "sha512-ObO202v456/S6Ckhlu844KBXN9toFTPt8zzrJpESzntVXIaidDECetd120/xToycYmICinvAYH9o1E2l6VlCRQ==",
      "requires": {
        "@aws-sdk/types": "^0.1.0-preview.7",
        "tslib": "^1.8.0"
      }
    },
    "@aws-sdk/querystring-builder": {
      "version": "0.1.0-preview.7",
      "resolved": "https://registry.npmjs.org/@aws-sdk/querystring-builder/-/querystring-builder-0.1.0-preview.7.tgz",
      "integrity": "sha512-U2d9CYTwnF4/Qc8XXFmCdRzcApTmwEXLyHUcjK2/GaOHKkHDAeIC94+cuP+H3nDjCjb3TdKV2xrl/wzuP0YBrg==",
      "requires": {
        "@aws-sdk/types": "^0.1.0-preview.7",
        "@aws-sdk/util-uri-escape": "^0.1.0-preview.3",
        "tslib": "^1.8.0"
      }
    },
    "@aws-sdk/querystring-parser": {
      "version": "0.1.0-preview.7",
      "resolved": "https://registry.npmjs.org/@aws-sdk/querystring-parser/-/querystring-parser-0.1.0-preview.7.tgz",
      "integrity": "sha512-r72E/wZYrhTXTK950Ld/L2Loso/HDqExQkIuCn1Pu8Rx0+uC3Y8fQTx+JZd5M5kOniCpGKdHWGc7y/bH/tjH4A==",
      "requires": {
        "@aws-sdk/types": "^0.1.0-preview.7",
        "tslib": "^1.8.0"
      }
    },
    "@aws-sdk/region-provider": {
      "version": "0.1.0-preview.7",
      "resolved": "https://registry.npmjs.org/@aws-sdk/region-provider/-/region-provider-0.1.0-preview.7.tgz",
      "integrity": "sha512-n+LeuQYPYbCyfCboz9mmYqcPPKdmdd60KPbPeRqSdJYr9QZz9hWU962oCOl5EtLYIsUzy7Fm33APv6toEcAPVw==",
      "requires": {
        "@aws-sdk/property-provider": "^0.1.0-preview.7",
        "@aws-sdk/shared-ini-file-loader": "^0.1.0-preview.3",
        "@aws-sdk/types": "^0.1.0-preview.7",
        "tslib": "^1.8.0"
      }
    },
    "@aws-sdk/response-metadata-extractor": {
      "version": "0.1.0-preview.8",
      "resolved": "https://registry.npmjs.org/@aws-sdk/response-metadata-extractor/-/response-metadata-extractor-0.1.0-preview.8.tgz",
      "integrity": "sha512-c5aJGYDiEwWqYpsROCqrmR60d0yeVdvRtzMptcpCI95BvIizS3hTc+PfuOq3Gcz7L+EQysbzQyqZutCJ/zLbew==",
      "requires": {
        "@aws-sdk/types": "^0.1.0-preview.7",
        "tslib": "^1.8.0"
      }
    },
    "@aws-sdk/retry-middleware": {
      "version": "0.1.0-preview.7",
      "resolved": "https://registry.npmjs.org/@aws-sdk/retry-middleware/-/retry-middleware-0.1.0-preview.7.tgz",
      "integrity": "sha512-ULiq+dffOPurjyHm95PYWi1Cy27LQg9jPwLz5tiL7oIla/j9b5bcclZE3n0RtqbHDUvWJL5kxmYw0Kjrggr5iw==",
      "requires": {
        "@aws-sdk/service-error-classification": "^0.1.0-preview.3",
        "@aws-sdk/types": "^0.1.0-preview.7",
        "tslib": "^1.8.0"
      }
    },
    "@aws-sdk/service-error-classification": {
      "version": "0.1.0-preview.3",
      "resolved": "https://registry.npmjs.org/@aws-sdk/service-error-classification/-/service-error-classification-0.1.0-preview.3.tgz",
      "integrity": "sha512-3TXwADJL+HGOWyqdwx+pOdwr8L8LGbdxwHR0D05PP3skY+TP34F3ye2DJlyCll4S9vYzf9GlSbwJWviN9Sujrw=="
    },
    "@aws-sdk/shared-ini-file-loader": {
      "version": "0.1.0-preview.3",
      "resolved": "https://registry.npmjs.org/@aws-sdk/shared-ini-file-loader/-/shared-ini-file-loader-0.1.0-preview.3.tgz",
      "integrity": "sha512-1wuV2YpZm+sW4AZa7CBD3A3b7+vSHX0DWBgGaENYdqC+MUEl6lD57ZOUGLryPq5xv/tQfy8BC7QT+qDNHElcuw==",
      "requires": {
        "tslib": "^1.8.0"
      }
    },
    "@aws-sdk/signature-v4": {
      "version": "0.1.0-preview.10",
      "resolved": "https://registry.npmjs.org/@aws-sdk/signature-v4/-/signature-v4-0.1.0-preview.10.tgz",
      "integrity": "sha512-cehCmWlWc16d1mn1tdG1cLdLUiKWHSVSAIiDRCyUS/ryZNduFHivYMyARvuQKEBXILlQari0e6RRuzTFXaAjlA==",
      "requires": {
        "@aws-sdk/is-array-buffer": "^0.1.0-preview.3",
        "@aws-sdk/protocol-timestamp": "^0.1.0-preview.7",
        "@aws-sdk/types": "^0.1.0-preview.7",
        "@aws-sdk/util-hex-encoding": "^0.1.0-preview.3",
        "tslib": "^1.8.0"
      }
    },
    "@aws-sdk/signing-middleware": {
      "version": "0.1.0-preview.10",
      "resolved": "https://registry.npmjs.org/@aws-sdk/signing-middleware/-/signing-middleware-0.1.0-preview.10.tgz",
      "integrity": "sha512-aKyPNr41JuOhl3QGqGp+XSerwPRbkG/TzBHiNsRX/0EeB1ZyxZ2cckhssswL3k4lvEBPQS0SqnGi2FHXozyOvw==",
      "requires": {
        "@aws-sdk/signature-v4": "^0.1.0-preview.10",
        "@aws-sdk/types": "^0.1.0-preview.7",
        "tslib": "^1.8.0"
      }
    },
    "@aws-sdk/stream-collector-node": {
      "version": "0.1.0-preview.9",
      "resolved": "https://registry.npmjs.org/@aws-sdk/stream-collector-node/-/stream-collector-node-0.1.0-preview.9.tgz",
      "integrity": "sha512-aXVMbx9lMd+AsmTpn4egsIJ/ZAkd6cWkhv8y3sL/Fwlyl0U7tfV4EzTEDZFvAta+MG+wB8fPhz9d7bfyQOk/xQ==",
      "requires": {
        "@aws-sdk/types": "^0.1.0-preview.7",
        "tslib": "^1.8.0"
      }
    },
    "@aws-sdk/types": {
      "version": "0.1.0-preview.7",
      "resolved": "https://registry.npmjs.org/@aws-sdk/types/-/types-0.1.0-preview.7.tgz",
      "integrity": "sha512-gpyU8N9XEs8diE4uW9B6/hjKDrB/c4a1GF4ICwkaGYpXrbJy9QLrEU8Hk4rC6P1l++YYyJKMl7RjMmTyBtNOzw=="
    },
    "@aws-sdk/url-parser-node": {
      "version": "0.1.0-preview.8",
      "resolved": "https://registry.npmjs.org/@aws-sdk/url-parser-node/-/url-parser-node-0.1.0-preview.8.tgz",
      "integrity": "sha512-h8YwL+mLTBPNzryREkLChhtRSdz70tOR9y/UB6PATGKoJbMUFoTsDY1jbJ4WWBfdKjphZy9xVWTyxoCkP07tQQ==",
      "requires": {
        "@aws-sdk/querystring-parser": "^0.1.0-preview.7",
        "@aws-sdk/types": "^0.1.0-preview.7",
        "tslib": "^1.8.0"
      }
    },
    "@aws-sdk/util-base64-node": {
      "version": "0.1.0-preview.4",
      "resolved": "https://registry.npmjs.org/@aws-sdk/util-base64-node/-/util-base64-node-0.1.0-preview.4.tgz",
      "integrity": "sha512-L9O3lMWB7y2xVIgg/nSJ7xZLVFmxMCk1maaup3CoL5USLqB7n7ngpf/WAH2LyhaGo8Og8TrAKt4BizpxbZU7wg==",
      "requires": {
        "@aws-sdk/util-buffer-from": "^0.1.0-preview.3",
        "tslib": "^1.8.0"
      }
    },
    "@aws-sdk/util-body-length-node": {
      "version": "0.1.0-preview.5",
      "resolved": "https://registry.npmjs.org/@aws-sdk/util-body-length-node/-/util-body-length-node-0.1.0-preview.5.tgz",
      "integrity": "sha512-ZmqB7E/RizTe8ajxLyXdshoyzQg47CAkbnCK7yRE4A9N7XMEUgzyFVXuKT08DmbAwYSYWI5jaUwm3jpMKqG+bw==",
      "requires": {
        "tslib": "^1.8.0"
      }
    },
    "@aws-sdk/util-buffer-from": {
      "version": "0.1.0-preview.3",
      "resolved": "https://registry.npmjs.org/@aws-sdk/util-buffer-from/-/util-buffer-from-0.1.0-preview.3.tgz",
      "integrity": "sha512-n78cUmI1SbluJgTgyqp24GgNQ3A5NUGB4rwRAoID7k7JpsiNJUWTXkijl3hxfNov2sEjMWvdQIGvAF6F/Q2mfw==",
      "requires": {
        "@aws-sdk/is-array-buffer": "^0.1.0-preview.3",
        "tslib": "^1.8.0"
      }
    },
    "@aws-sdk/util-error-constructor": {
      "version": "0.1.0-preview.7",
      "resolved": "https://registry.npmjs.org/@aws-sdk/util-error-constructor/-/util-error-constructor-0.1.0-preview.7.tgz",
      "integrity": "sha512-sb8gruiOadl0YXG2yn0EMBkB/Oy/7y4mt8Wfl7G3crvWXcHtD7flbW7wjbFiMcQU91vi5sTaZ56hwvDA9lu0ug==",
      "requires": {
        "@aws-sdk/types": "^0.1.0-preview.7",
        "tslib": "^1.8.0"
      }
    },
    "@aws-sdk/util-hex-encoding": {
      "version": "0.1.0-preview.3",
      "resolved": "https://registry.npmjs.org/@aws-sdk/util-hex-encoding/-/util-hex-encoding-0.1.0-preview.3.tgz",
      "integrity": "sha512-X/Qq5e2H4/EQ0WEwWUiSxGbFARk7IKZpa+E4pzQm49sxS2omVsvuphcr4yYJq4SZKEtuB2w2nHMr7NmGlWt4Xg==",
      "requires": {
        "tslib": "^1.8.0"
      }
    },
    "@aws-sdk/util-uri-escape": {
      "version": "0.1.0-preview.3",
      "resolved": "https://registry.npmjs.org/@aws-sdk/util-uri-escape/-/util-uri-escape-0.1.0-preview.3.tgz",
      "integrity": "sha512-axArIOq8+2PKjY9Fz+LKfCY127rjWQD50F1DAhCC0BV3mrG0OlhcQ8uKaNfMXVrveTqT+QYvrpTsrziHYjjTQw==",
      "requires": {
        "tslib": "^1.8.0"
      }
    },
    "@aws-sdk/util-user-agent-node": {
      "version": "0.1.0-preview.10",
      "resolved": "https://registry.npmjs.org/@aws-sdk/util-user-agent-node/-/util-user-agent-node-0.1.0-preview.10.tgz",
      "integrity": "sha512-hYL9XCLkxDEG60XbwXG2fvIYwi9vFHw9Em6OPMz3sh3Y4er7KJxOwuCYJV+kccREY35e1TGblbOARFczwD7U0w==",
      "requires": {
        "@aws-sdk/types": "^0.1.0-preview.7",
        "tslib": "^1.8.0"
      }
    },
    "@aws-sdk/util-utf8-node": {
      "version": "0.1.0-preview.4",
      "resolved": "https://registry.npmjs.org/@aws-sdk/util-utf8-node/-/util-utf8-node-0.1.0-preview.4.tgz",
      "integrity": "sha512-FxIWpC4LdKiJgJgiaLWMdZY/DbreSIRgVGO9cOlV5fI59KdN+2Aqb6sLnlp7yVbo2hiL0Hlcv7fcf4MEtELn0g==",
      "requires": {
        "@aws-sdk/util-buffer-from": "^0.1.0-preview.3",
        "tslib": "^1.8.0"
      }
    },
    "amazon-cognito-identity-js": {
      "version": "3.2.5",
      "resolved": "https://registry.npmjs.org/amazon-cognito-identity-js/-/amazon-cognito-identity-js-3.2.5.tgz",
      "integrity": "sha512-DIJM6Spo4YErBxhCqCuQNVWwHG2XBE57Cvrt97L4mSziCTq612E9jerBxEb2+Iy/xjFZpL4Yzqxe+j3rJmBWEQ==",
      "requires": {
        "buffer": "4.9.1",
        "crypto-js": "3.1.9-1",
        "js-cookie": "^2.1.4"
      }
    },
    "amazon-cognito-identity-js-node": {
      "version": "0.0.3",
      "resolved": "https://registry.npmjs.org/amazon-cognito-identity-js-node/-/amazon-cognito-identity-js-node-0.0.3.tgz",
      "integrity": "sha1-aQcjGj97HP/H4uSR7dlHF5EXSzc=",
      "requires": {
        "aws-sdk": "^2.6.0",
        "jsbn": "^0.1.0",
        "node-localstorage": "^1.3.0",
        "sjcl": "^1.0.6"
      }
    },
    "any-promise": {
      "version": "1.3.0",
      "resolved": "https://registry.npmjs.org/any-promise/-/any-promise-1.3.0.tgz",
      "integrity": "sha1-q8av7tzqUugJzcA3au0845Y10X8="
    },
    "async": {
      "version": "1.5.2",
      "resolved": "https://registry.npmjs.org/async/-/async-1.5.2.tgz",
      "integrity": "sha1-7GphrlZIDAw8skHJVhjiCJL5Zyo="
    },
    "aws-sdk": {
      "version": "2.626.0",
      "resolved": "https://registry.npmjs.org/aws-sdk/-/aws-sdk-2.626.0.tgz",
      "integrity": "sha512-1D5slT34OI1NseXLszpWwZ+N/Jla8BsY+XsGDH/4yNDDN8Cf+8zKb1AqqSw4T4onz9xhoTHWCTWqTLDL+8XAnw==",
      "requires": {
        "buffer": "4.9.1",
        "events": "1.1.1",
        "ieee754": "1.1.13",
        "jmespath": "0.15.0",
        "querystring": "0.2.0",
        "sax": "1.2.1",
        "url": "0.10.3",
        "uuid": "3.3.2",
        "xml2js": "0.4.19"
      },
      "dependencies": {
        "uuid": {
          "version": "3.3.2",
          "resolved": "https://registry.npmjs.org/uuid/-/uuid-3.3.2.tgz",
          "integrity": "sha512-yXJmeNaw3DnnKAOKJE51sL/ZaYfWJRl1pK9dr19YFCu0ObS231AB1/LbqTKRAQ5kw8A90rA6fr4riOUpTZvQZA=="
        }
      }
    },
    "balanced-match": {
      "version": "1.0.0",
      "resolved": "https://registry.npmjs.org/balanced-match/-/balanced-match-1.0.0.tgz",
      "integrity": "sha1-ibTRmasr7kneFk6gK4nORi1xt2c=",
      "optional": true
    },
    "base64-js": {
      "version": "1.3.1",
      "resolved": "https://registry.npmjs.org/base64-js/-/base64-js-1.3.1.tgz",
      "integrity": "sha512-mLQ4i2QO1ytvGWFWmcngKO//JXAQueZvwEKtjgQFM4jIK0kU+ytMfplL8j+n5mspOfjHwoAg+9yhb7BwAHm36g=="
    },
    "body-parser-for-serverless": {
      "version": "1.0.1",
      "resolved": "https://registry.npmjs.org/body-parser-for-serverless/-/body-parser-for-serverless-1.0.1.tgz",
      "integrity": "sha512-hMiCA9TNrSILcY7tb1Vd9tMCks4592Qvwbe1sNbEGVVTsr+IxE/MorGisBiEpvWiasmlJ6U6ATmPEQ6qWwu33g==",
      "requires": {
        "busboy": "^0.3.1"
      }
    },
    "brace-expansion": {
      "version": "1.1.11",
      "resolved": "https://registry.npmjs.org/brace-expansion/-/brace-expansion-1.1.11.tgz",
      "integrity": "sha512-iCuPHDFgrHX7H2vEI/5xpz07zSHB00TpugqhmYtVmMO6518mCuRMoOYFldEBl0g187ufozdaHgWKcYFb61qGiA==",
      "optional": true,
      "requires": {
        "balanced-match": "^1.0.0",
        "concat-map": "0.0.1"
      }
    },
    "buffer": {
      "version": "4.9.1",
      "resolved": "https://registry.npmjs.org/buffer/-/buffer-4.9.1.tgz",
      "integrity": "sha1-bRu2AbB6TvztlwlBMgkwJ8lbwpg=",
      "requires": {
        "base64-js": "^1.0.2",
        "ieee754": "^1.1.4",
        "isarray": "^1.0.0"
      }
    },
    "buffer-equal-constant-time": {
      "version": "1.0.1",
      "resolved": "https://registry.npmjs.org/buffer-equal-constant-time/-/buffer-equal-constant-time-1.0.1.tgz",
      "integrity": "sha1-+OcRMvf/5uAaXJaXpMbz5I1cyBk="
    },
    "bunyan": {
      "version": "1.5.1",
      "resolved": "https://registry.npmjs.org/bunyan/-/bunyan-1.5.1.tgz",
      "integrity": "sha1-X259RMQ7lS9WsPQTCeOrEjkbTi0=",
      "requires": {
        "dtrace-provider": "~0.6",
        "mv": "~2",
        "safe-json-stringify": "~1"
      }
    },
    "busboy": {
      "version": "0.3.1",
      "resolved": "https://registry.npmjs.org/busboy/-/busboy-0.3.1.tgz",
      "integrity": "sha512-y7tTxhGKXcyBxRKAni+awqx8uqaJKrSFSNFSeRG5CsWNdmy2BIK+6VGWEW7TZnIO/533mtMEA4rOevQV815YJw==",
      "requires": {
        "dicer": "0.3.0"
      }
    },
    "cognito-user-pool": {
      "version": "0.2.4",
      "resolved": "https://registry.npmjs.org/cognito-user-pool/-/cognito-user-pool-0.2.4.tgz",
      "integrity": "sha512-8353hR6tZAcztxh0ckQY8aivsEfp3tu7KCOneS6KgAtKYGIvuEFmDKsh+DDqrptddV9EpDImoNOAg040RkHNyQ==",
      "requires": {
        "amazon-cognito-identity-js": "^1.31.0"
      },
      "dependencies": {
        "amazon-cognito-identity-js": {
          "version": "1.31.0",
          "resolved": "https://registry.npmjs.org/amazon-cognito-identity-js/-/amazon-cognito-identity-js-1.31.0.tgz",
          "integrity": "sha1-Hc0PJs6UBMGYo1Ro6LsAQQUDAh0=",
          "requires": {
            "aws-sdk": "2.177.0",
            "js-cookie": "^2.1.4"
          }
        },
        "aws-sdk": {
          "version": "2.177.0",
          "resolved": "https://registry.npmjs.org/aws-sdk/-/aws-sdk-2.177.0.tgz",
          "integrity": "sha1-1fvx+CurJQ5VFTaZsDC0T2h/YAs=",
          "requires": {
            "buffer": "4.9.1",
            "crypto-browserify": "1.0.9",
            "events": "^1.1.1",
            "jmespath": "0.15.0",
            "querystring": "0.2.0",
            "sax": "1.2.1",
            "url": "0.10.3",
            "uuid": "3.1.0",
            "xml2js": "0.4.17",
            "xmlbuilder": "4.2.1"
          }
        },
        "uuid": {
          "version": "3.1.0",
          "resolved": "https://registry.npmjs.org/uuid/-/uuid-3.1.0.tgz",
          "integrity": "sha512-DIWtzUkw04M4k3bf1IcpS2tngXEL26YUD2M0tMDUpnUrz2hgzUBlD55a4FjdLGPvfHxS6uluGWvaVEqgBcVa+g=="
        },
        "xml2js": {
          "version": "0.4.17",
          "resolved": "https://registry.npmjs.org/xml2js/-/xml2js-0.4.17.tgz",
          "integrity": "sha1-F76T6q4/O3eTWceVtBlwWogX6Gg=",
          "requires": {
            "sax": ">=0.6.0",
            "xmlbuilder": "^4.1.0"
          }
        },
        "xmlbuilder": {
          "version": "4.2.1",
          "resolved": "https://registry.npmjs.org/xmlbuilder/-/xmlbuilder-4.2.1.tgz",
          "integrity": "sha1-qlijBBoGb5DqoWwvU4n/GfP0YaU=",
          "requires": {
            "lodash": "^4.0.0"
          }
        }
      }
    },
    "concat-map": {
      "version": "0.0.1",
      "resolved": "https://registry.npmjs.org/concat-map/-/concat-map-0.0.1.tgz",
      "integrity": "sha1-2Klr13/Wjfd5OnMDajug1UBdR3s=",
      "optional": true
    },
    "cross-fetch": {
      "version": "3.0.4",
      "resolved": "https://registry.npmjs.org/cross-fetch/-/cross-fetch-3.0.4.tgz",
      "integrity": "sha512-MSHgpjQqgbT/94D4CyADeNoYh52zMkCX4pcJvPP5WqPsLFMKjr2TCMg381ox5qI0ii2dPwaLx/00477knXqXVw==",
      "requires": {
        "node-fetch": "2.6.0",
        "whatwg-fetch": "3.0.0"
      },
      "dependencies": {
        "node-fetch": {
          "version": "2.6.0",
          "resolved": "https://registry.npmjs.org/node-fetch/-/node-fetch-2.6.0.tgz",
          "integrity": "sha512-8dG4H5ujfvFiqDmVu9fQ5bOHUC15JMjMY/Zumv26oOvvVJjM67KF8koCWIabKQ1GJIa9r2mMZscBq/TbdOcmNA=="
        }
      }
    },
    "crypto-browserify": {
      "version": "1.0.9",
      "resolved": "https://registry.npmjs.org/crypto-browserify/-/crypto-browserify-1.0.9.tgz",
      "integrity": "sha1-zFRJaF37hesRyYKKzHy4erW7/MA="
    },
    "crypto-js": {
      "version": "3.1.9-1",
      "resolved": "https://registry.npmjs.org/crypto-js/-/crypto-js-3.1.9-1.tgz",
      "integrity": "sha1-/aGedh/Ad+Af+/3G6f38WeiAbNg="
    },
    "data-uri-to-buffer": {
      "version": "4.0.0",
      "resolved": "https://registry.npmjs.org/data-uri-to-buffer/-/data-uri-to-buffer-4.0.0.tgz",
      "integrity": "sha512-Vr3mLBA8qWmcuschSLAOogKgQ/Jwxulv3RNE4FXnYWRGujzrRWQI4m12fQqRkwX06C0KanhLr4hK+GydchZsaA=="
    },
    "decode-uri-component": {
      "version": "0.2.0",
      "resolved": "https://registry.npmjs.org/decode-uri-component/-/decode-uri-component-0.2.0.tgz",
      "integrity": "sha1-6zkTMzRYd1y4TNGh+uBiEGu4dUU="
    },
    "dicer": {
      "version": "0.3.0",
      "resolved": "https://registry.npmjs.org/dicer/-/dicer-0.3.0.tgz",
      "integrity": "sha512-MdceRRWqltEG2dZqO769g27N/3PXfcKl04VhYnBlo2YhH7zPi88VebsjTKclaOyiuMaGU72hTfw3VkUitGcVCA==",
      "requires": {
        "streamsearch": "0.1.2"
      }
    },
    "dtrace-provider": {
      "version": "0.6.0",
      "resolved": "https://registry.npmjs.org/dtrace-provider/-/dtrace-provider-0.6.0.tgz",
      "integrity": "sha1-CweNVReTfYcxAUUtkUZzdVe3XlE=",
      "optional": true,
      "requires": {
        "nan": "^2.0.8"
      }
    },
    "dynamodb": {
      "version": "1.2.1",
      "resolved": "https://registry.npmjs.org/dynamodb/-/dynamodb-1.2.1.tgz",
      "integrity": "sha512-shaZ23E4/tBl3lCiPficKxY08TfakQe8vjwaD99Lo9QqbWXPJ2U8bmxyVZgs3z0yFvLBqPm0mbRGJaE4D9rYMQ==",
      "requires": {
        "async": "1.5.x",
        "aws-sdk": "^2.186.x",
        "bunyan": "1.5.x",
        "joi": "10.6.x",
        "lodash": "4.x.x",
        "node-uuid": "1.4.x",
        "stream-to-promise": "~2.2.0"
      },
      "dependencies": {
        "node-uuid": {
          "version": "1.4.8",
          "resolved": "https://registry.npmjs.org/node-uuid/-/node-uuid-1.4.8.tgz",
          "integrity": "sha1-sEDrCSOWivq/jTL7HxfxFn/auQc="
        }
      }
    },
    "ecdsa-sig-formatter": {
      "version": "1.0.11",
      "resolved": "https://registry.npmjs.org/ecdsa-sig-formatter/-/ecdsa-sig-formatter-1.0.11.tgz",
      "integrity": "sha512-nagl3RYrbNv6kQkeJIpt6NJZy8twLB/2vtz6yN9Z4vRKHN4/QZJIEbqohALSgwKdnksuY3k5Addp5lg8sVoVcQ==",
      "requires": {
        "safe-buffer": "^5.0.1"
      }
    },
    "end-of-stream": {
      "version": "1.1.0",
      "resolved": "https://registry.npmjs.org/end-of-stream/-/end-of-stream-1.1.0.tgz",
      "integrity": "sha1-6TUyWLqpEIll78QcsO+K3i88+wc=",
      "requires": {
        "once": "~1.3.0"
      },
      "dependencies": {
        "once": {
          "version": "1.3.3",
          "resolved": "https://registry.npmjs.org/once/-/once-1.3.3.tgz",
          "integrity": "sha1-suJhVXzkwxTsgwTz+oJmPkKXyiA=",
          "requires": {
            "wrappy": "1"
          }
        }
      }
    },
    "events": {
      "version": "1.1.1",
      "resolved": "https://registry.npmjs.org/events/-/events-1.1.1.tgz",
      "integrity": "sha1-nr23Y1rQmccNzEwqH1AEKI6L2SQ="
    },
    "fetch-blob": {
      "version": "3.1.4",
      "resolved": "https://registry.npmjs.org/fetch-blob/-/fetch-blob-3.1.4.tgz",
      "integrity": "sha512-Eq5Xv5+VlSrYWEqKrusxY1C3Hm/hjeAsCGVG3ft7pZahlUAChpGZT/Ms1WmSLnEAisEXszjzu/s+ce6HZB2VHA==",
      "requires": {
        "node-domexception": "^1.0.0",
        "web-streams-polyfill": "^3.0.3"
      }
    },
    "formdata-polyfill": {
      "version": "4.0.10",
      "resolved": "https://registry.npmjs.org/formdata-polyfill/-/formdata-polyfill-4.0.10.tgz",
      "integrity": "sha512-buewHzMvYL29jdeQTVILecSaZKnt/RJWjoZCF5OW60Z67/GmSLBkOFM7qh1PI3zFNtJbaZL5eQu1vLfazOwj4g==",
      "requires": {
        "fetch-blob": "^3.1.2"
      }
    },
    "glob": {
      "version": "6.0.4",
      "resolved": "https://registry.npmjs.org/glob/-/glob-6.0.4.tgz",
      "integrity": "sha1-DwiGD2oVUSey+t1PnOJLGqtuTSI=",
      "optional": true,
      "requires": {
        "inflight": "^1.0.4",
        "inherits": "2",
        "minimatch": "2 || 3",
        "once": "^1.3.0",
        "path-is-absolute": "^1.0.0"
      }
    },
    "graceful-fs": {
      "version": "4.2.3",
      "resolved": "https://registry.npmjs.org/graceful-fs/-/graceful-fs-4.2.3.tgz",
      "integrity": "sha512-a30VEBm4PEdx1dRB7MFK7BejejvCvBronbLjht+sHuGYj8PHs7M/5Z+rt5lw551vZ7yfTCj4Vuyy3mSJytDWRQ=="
    },
    "hoek": {
      "version": "4.2.1",
      "resolved": "https://registry.npmjs.org/hoek/-/hoek-4.2.1.tgz",
      "integrity": "sha512-QLg82fGkfnJ/4iy1xZ81/9SIJiq1NGFUMGs6ParyjBZr6jW2Ufj/snDqTHixNlHdPNwN2RLVD0Pi3igeK9+JfA=="
    },
    "ieee754": {
      "version": "1.1.13",
      "resolved": "https://registry.npmjs.org/ieee754/-/ieee754-1.1.13.tgz",
      "integrity": "sha512-4vf7I2LYV/HaWerSo3XmlMkp5eZ83i+/CDluXi/IGTs/O1sejBNhTtnxzmRZfvOUqj7lZjqHkeTvpgSFDlWZTg=="
    },
    "imurmurhash": {
      "version": "0.1.4",
      "resolved": "https://registry.npmjs.org/imurmurhash/-/imurmurhash-0.1.4.tgz",
      "integrity": "sha1-khi5srkoojixPcT7a21XbyMUU+o="
    },
    "inflight": {
      "version": "1.0.6",
      "resolved": "https://registry.npmjs.org/inflight/-/inflight-1.0.6.tgz",
      "integrity": "sha1-Sb1jMdfQLQwJvJEKEHW6gWW1bfk=",
      "optional": true,
      "requires": {
        "once": "^1.3.0",
        "wrappy": "1"
      }
    },
    "inherits": {
      "version": "2.0.4",
      "resolved": "https://registry.npmjs.org/inherits/-/inherits-2.0.4.tgz",
      "integrity": "sha512-k/vGaX4/Yla3WzyMCvTQOXYeIHvqOKtnqBduzTHpzpQZzAskKMhZ2K+EnBiSM9zGSoIFeMpXKxa4dYeZIQqewQ==",
      "optional": true
    },
    "isarray": {
      "version": "1.0.0",
      "resolved": "https://registry.npmjs.org/isarray/-/isarray-1.0.0.tgz",
      "integrity": "sha1-u5NdSFgsuhaMBoNJV6VKPgcSTxE="
    },
    "isemail": {
      "version": "2.2.1",
      "resolved": "https://registry.npmjs.org/isemail/-/isemail-2.2.1.tgz",
      "integrity": "sha1-A1PT2aYpUQgMJiwqoKQrjqjp4qY="
    },
    "items": {
      "version": "2.1.2",
      "resolved": "https://registry.npmjs.org/items/-/items-2.1.2.tgz",
      "integrity": "sha512-kezcEqgB97BGeZZYtX/MA8AG410ptURstvnz5RAgyFZ8wQFPMxHY8GpTq+/ZHKT3frSlIthUq7EvLt9xn3TvXg=="
    },
    "jmespath": {
      "version": "0.15.0",
      "resolved": "https://registry.npmjs.org/jmespath/-/jmespath-0.15.0.tgz",
      "integrity": "sha1-o/Iiqarp+Wb10nx5ZRDigJF2Qhc="
    },
    "joi": {
      "version": "10.6.0",
      "resolved": "https://registry.npmjs.org/joi/-/joi-10.6.0.tgz",
      "integrity": "sha512-hBF3LcqyAid+9X/pwg+eXjD2QBZI5eXnBFJYaAkH4SK3mp9QSRiiQnDYlmlz5pccMvnLcJRS4whhDOTCkmsAdQ==",
      "requires": {
        "hoek": "4.x.x",
        "isemail": "2.x.x",
        "items": "2.x.x",
        "topo": "2.x.x"
      }
    },
    "js-cookie": {
      "version": "2.2.1",
      "resolved": "https://registry.npmjs.org/js-cookie/-/js-cookie-2.2.1.tgz",
      "integrity": "sha512-HvdH2LzI/EAZcUwA8+0nKNtWHqS+ZmijLA30RwZA0bo7ToCckjK5MkGhjED9KoRcXO6BaGI3I9UIzSA1FKFPOQ=="
    },
    "jsbn": {
      "version": "0.1.1",
      "resolved": "https://registry.npmjs.org/jsbn/-/jsbn-0.1.1.tgz",
      "integrity": "sha1-peZUwuWi3rXyAdls77yoDA7y9RM="
    },
    "jsonwebtoken": {
      "version": "8.5.1",
      "resolved": "https://registry.npmjs.org/jsonwebtoken/-/jsonwebtoken-8.5.1.tgz",
      "integrity": "sha512-XjwVfRS6jTMsqYs0EsuJ4LGxXV14zQybNd4L2r0UvbVnSF9Af8x7p5MzbJ90Ioz/9TI41/hTCvznF/loiSzn8w==",
      "requires": {
        "jws": "^3.2.2",
        "lodash.includes": "^4.3.0",
        "lodash.isboolean": "^3.0.3",
        "lodash.isinteger": "^4.0.4",
        "lodash.isnumber": "^3.0.3",
        "lodash.isplainobject": "^4.0.6",
        "lodash.isstring": "^4.0.1",
        "lodash.once": "^4.0.0",
        "ms": "^2.1.1",
        "semver": "^5.6.0"
      }
    },
    "jwa": {
      "version": "1.4.1",
      "resolved": "https://registry.npmjs.org/jwa/-/jwa-1.4.1.tgz",
      "integrity": "sha512-qiLX/xhEEFKUAJ6FiBMbes3w9ATzyk5W7Hvzpa/SLYdxNtng+gcurvrI7TbACjIXlsJyr05/S1oUhZrc63evQA==",
      "requires": {
        "buffer-equal-constant-time": "1.0.1",
        "ecdsa-sig-formatter": "1.0.11",
        "safe-buffer": "^5.0.1"
      }
    },
    "jws": {
      "version": "3.2.2",
      "resolved": "https://registry.npmjs.org/jws/-/jws-3.2.2.tgz",
      "integrity": "sha512-YHlZCB6lMTllWDtSPHz/ZXTsi8S00usEV6v1tjq8tOUZzw7DpSDWVXjXDre6ed1w/pd495ODpHZYSdkRTsa0HA==",
      "requires": {
        "jwa": "^1.4.1",
        "safe-buffer": "^5.0.1"
      }
    },
    "lodash": {
      "version": "4.17.15",
      "resolved": "https://registry.npmjs.org/lodash/-/lodash-4.17.15.tgz",
      "integrity": "sha512-8xOcRHvCjnocdS5cpwXQXVzmmh5e5+saE2QGoeQmbKmRS6J3VQppPOIt0MnmE+4xlZoumy0GPG0D0MVIQbNA1A=="
    },
    "lodash.includes": {
      "version": "4.3.0",
      "resolved": "https://registry.npmjs.org/lodash.includes/-/lodash.includes-4.3.0.tgz",
      "integrity": "sha1-YLuYqHy5I8aMoeUTJUgzFISfVT8="
    },
    "lodash.isboolean": {
      "version": "3.0.3",
      "resolved": "https://registry.npmjs.org/lodash.isboolean/-/lodash.isboolean-3.0.3.tgz",
      "integrity": "sha1-bC4XHbKiV82WgC/UOwGyDV9YcPY="
    },
    "lodash.isinteger": {
      "version": "4.0.4",
      "resolved": "https://registry.npmjs.org/lodash.isinteger/-/lodash.isinteger-4.0.4.tgz",
      "integrity": "sha1-YZwK89A/iwTDH1iChAt3sRzWg0M="
    },
    "lodash.isnumber": {
      "version": "3.0.3",
      "resolved": "https://registry.npmjs.org/lodash.isnumber/-/lodash.isnumber-3.0.3.tgz",
      "integrity": "sha1-POdoEMWSjQM1IwGsKHMX8RwLH/w="
    },
    "lodash.isplainobject": {
      "version": "4.0.6",
      "resolved": "https://registry.npmjs.org/lodash.isplainobject/-/lodash.isplainobject-4.0.6.tgz",
      "integrity": "sha1-fFJqUtibRcRcxpC4gWO+BJf1UMs="
    },
    "lodash.isstring": {
      "version": "4.0.1",
      "resolved": "https://registry.npmjs.org/lodash.isstring/-/lodash.isstring-4.0.1.tgz",
      "integrity": "sha1-1SfftUVuynzJu5XV2ur4i6VKVFE="
    },
    "lodash.once": {
      "version": "4.1.1",
      "resolved": "https://registry.npmjs.org/lodash.once/-/lodash.once-4.1.1.tgz",
      "integrity": "sha1-DdOXEhPHxW34gJd9UEyI+0cal6w="
    },
    "minimatch": {
      "version": "3.0.4",
      "resolved": "https://registry.npmjs.org/minimatch/-/minimatch-3.0.4.tgz",
      "integrity": "sha512-yJHVQEhyqPLUTgt9B83PXu6W3rx4MvvHvSUvToogpwoGDOUQ+yDrR0HRot+yOCdCO7u4hX3pWft6kWBBcqh0UA==",
      "optional": true,
      "requires": {
        "brace-expansion": "^1.1.7"
      }
    },
    "minimist": {
      "version": "0.0.8",
      "resolved": "https://registry.npmjs.org/minimist/-/minimist-0.0.8.tgz",
      "integrity": "sha1-hX/Kv8M5fSYluCKCYuhqp6ARsF0=",
      "optional": true
    },
    "mkdirp": {
      "version": "0.5.1",
      "resolved": "https://registry.npmjs.org/mkdirp/-/mkdirp-0.5.1.tgz",
      "integrity": "sha1-MAV0OOrGz3+MR2fzhkjWaX11yQM=",
      "optional": true,
      "requires": {
        "minimist": "0.0.8"
      }
    },
    "ms": {
      "version": "2.1.2",
      "resolved": "https://registry.npmjs.org/ms/-/ms-2.1.2.tgz",
      "integrity": "sha512-sGkPx+VjMtmA6MX27oA4FBFELFCZZ4S4XqeGOXCv68tT+jb3vk/RyaKWP0PTKyWtmLSM0b+adUTEvbs1PEaH2w=="
    },
    "mv": {
      "version": "2.1.1",
      "resolved": "https://registry.npmjs.org/mv/-/mv-2.1.1.tgz",
      "integrity": "sha1-rmzg1vbV4KT32JN5jQPB6pVZtqI=",
      "optional": true,
      "requires": {
        "mkdirp": "~0.5.1",
        "ncp": "~2.0.0",
        "rimraf": "~2.4.0"
      }
    },
    "nan": {
      "version": "2.14.0",
      "resolved": "https://registry.npmjs.org/nan/-/nan-2.14.0.tgz",
      "integrity": "sha512-INOFj37C7k3AfaNTtX8RhsTw7qRy7eLET14cROi9+5HAVbbHuIWUHEauBv5qT4Av2tWasiTY1Jw6puUNqRJXQg==",
      "optional": true
    },
    "ncp": {
      "version": "2.0.0",
      "resolved": "https://registry.npmjs.org/ncp/-/ncp-2.0.0.tgz",
      "integrity": "sha1-GVoh1sRuNh0vsSgbo4uR6d9727M=",
      "optional": true
    },
    "node-domexception": {
      "version": "1.0.0",
      "resolved": "https://registry.npmjs.org/node-domexception/-/node-domexception-1.0.0.tgz",
      "integrity": "sha512-/jKZoMpw0F8GRwl4/eLROPA3cfcXtLApP0QzLmUT/HuPCZWyB7IY9ZrMeKw2O/nFIqPQB3PVM9aYm0F312AXDQ=="
    },
    "node-fetch": {
      "version": "3.1.1",
      "resolved": "https://registry.npmjs.org/node-fetch/-/node-fetch-3.1.1.tgz",
      "integrity": "sha512-SMk+vKgU77PYotRdWzqZGTZeuFKlsJ0hu4KPviQKkfY+N3vn2MIzr0rvpnYpR8MtB3IEuhlEcuOLbGvLRlA+yg==",
      "requires": {
        "data-uri-to-buffer": "^4.0.0",
        "fetch-blob": "^3.1.3",
        "formdata-polyfill": "^4.0.10"
      }
    },
    "node-localstorage": {
      "version": "1.3.1",
      "resolved": "https://registry.npmjs.org/node-localstorage/-/node-localstorage-1.3.1.tgz",
      "integrity": "sha512-NMWCSWWc6JbHT5PyWlNT2i8r7PgGYXVntmKawY83k/M0UJScZ5jirb61TLnqKwd815DfBQu+lR3sRw08SPzIaQ==",
      "requires": {
        "write-file-atomic": "^1.1.4"
      }
    },
    "once": {
      "version": "1.4.0",
      "resolved": "https://registry.npmjs.org/once/-/once-1.4.0.tgz",
      "integrity": "sha1-WDsap3WWHUsROsF9nFC6753Xa9E=",
      "optional": true,
      "requires": {
        "wrappy": "1"
      }
    },
    "path-is-absolute": {
      "version": "1.0.1",
      "resolved": "https://registry.npmjs.org/path-is-absolute/-/path-is-absolute-1.0.1.tgz",
      "integrity": "sha1-F0uSaHNVNP+8es5r9TpanhtcX18=",
      "optional": true
    },
    "punycode": {
      "version": "1.3.2",
      "resolved": "https://registry.npmjs.org/punycode/-/punycode-1.3.2.tgz",
      "integrity": "sha1-llOgNvt8HuQjQvIyXM7v6jkmxI0="
    },
    "query-string": {
      "version": "6.11.0",
      "resolved": "https://registry.npmjs.org/query-string/-/query-string-6.11.0.tgz",
      "integrity": "sha512-jS+me8X3OEGFTsF6kF+vUUMFG/d3WUCvD7bHhfZP5784nOq1pjj8yau/u86nfOncmcN6ZkSWKWkKAvv/MGxzLA==",
      "requires": {
        "decode-uri-component": "^0.2.0",
        "split-on-first": "^1.0.0",
        "strict-uri-encode": "^2.0.0"
      }
    },
    "querystring": {
      "version": "0.2.0",
      "resolved": "https://registry.npmjs.org/querystring/-/querystring-0.2.0.tgz",
      "integrity": "sha1-sgmEkgO7Jd+CDadW50cAWHhSFiA="
    },
    "rimraf": {
      "version": "2.4.5",
      "resolved": "https://registry.npmjs.org/rimraf/-/rimraf-2.4.5.tgz",
      "integrity": "sha1-7nEM5dk6j9uFb7Xqj/Di11k0sto=",
      "optional": true,
      "requires": {
        "glob": "^6.0.1"
      }
    },
    "safe-buffer": {
      "version": "5.2.0",
      "resolved": "https://registry.npmjs.org/safe-buffer/-/safe-buffer-5.2.0.tgz",
      "integrity": "sha512-fZEwUGbVl7kouZs1jCdMLdt95hdIv0ZeHg6L7qPeciMZhZ+/gdesW4wgTARkrFWEpspjEATAzUGPG8N2jJiwbg=="
    },
    "safe-json-stringify": {
      "version": "1.2.0",
      "resolved": "https://registry.npmjs.org/safe-json-stringify/-/safe-json-stringify-1.2.0.tgz",
      "integrity": "sha512-gH8eh2nZudPQO6TytOvbxnuhYBOvDBBLW52tz5q6X58lJcd/tkmqFR+5Z9adS8aJtURSXWThWy/xJtJwixErvg==",
      "optional": true
    },
    "sax": {
      "version": "1.2.1",
      "resolved": "https://registry.npmjs.org/sax/-/sax-1.2.1.tgz",
      "integrity": "sha1-e45lYZCyKOgaZq6nSEgNgozS03o="
    },
    "semver": {
      "version": "5.7.1",
      "resolved": "https://registry.npmjs.org/semver/-/semver-5.7.1.tgz",
      "integrity": "sha512-sauaDf/PZdVgrLTNYHRtpXa1iRiKcaebiKQ1BJdpQlWH2lCvexQdX55snPFyK7QzpudqbCI0qXFfOasHdyNDGQ=="
    },
    "sjcl": {
      "version": "1.0.8",
      "resolved": "https://registry.npmjs.org/sjcl/-/sjcl-1.0.8.tgz",
      "integrity": "sha512-LzIjEQ0S0DpIgnxMEayM1rq9aGwGRG4OnZhCdjx7glTaJtf4zRfpg87ImfjSJjoW9vKpagd82McDOwbRT5kQKQ=="
    },
    "slide": {
      "version": "1.1.6",
      "resolved": "https://registry.npmjs.org/slide/-/slide-1.1.6.tgz",
      "integrity": "sha1-VusCfWW00tzmyy4tMsTUr8nh1wc="
    },
    "split-on-first": {
      "version": "1.1.0",
      "resolved": "https://registry.npmjs.org/split-on-first/-/split-on-first-1.1.0.tgz",
      "integrity": "sha512-43ZssAJaMusuKWL8sKUBQXHWOpq8d6CfN/u1p4gUzfJkM05C8rxTmYrkIPTXapZpORA6LkkzcUulJ8FqA7Uudw=="
    },
    "stream-to-array": {
      "version": "2.3.0",
      "resolved": "https://registry.npmjs.org/stream-to-array/-/stream-to-array-2.3.0.tgz",
      "integrity": "sha1-u/azn19D7DC8cbq8s3VXrOzzQ1M=",
      "requires": {
        "any-promise": "^1.1.0"
      }
    },
    "stream-to-promise": {
      "version": "2.2.0",
      "resolved": "https://registry.npmjs.org/stream-to-promise/-/stream-to-promise-2.2.0.tgz",
      "integrity": "sha1-se2y4cjLESidG1A8CNPyrvUeZQ8=",
      "requires": {
        "any-promise": "~1.3.0",
        "end-of-stream": "~1.1.0",
        "stream-to-array": "~2.3.0"
      }
    },
    "streamsearch": {
      "version": "0.1.2",
      "resolved": "https://registry.npmjs.org/streamsearch/-/streamsearch-0.1.2.tgz",
      "integrity": "sha1-gIudDlb8Jz2Am6VzOOkpkZoanxo="
    },
    "strict-uri-encode": {
      "version": "2.0.0",
      "resolved": "https://registry.npmjs.org/strict-uri-encode/-/strict-uri-encode-2.0.0.tgz",
      "integrity": "sha1-ucczDHBChi9rFC3CdLvMWGbONUY="
    },
    "topo": {
      "version": "2.0.2",
      "resolved": "https://registry.npmjs.org/topo/-/topo-2.0.2.tgz",
      "integrity": "sha1-zVYVdSU5BXwNwEkaYhw7xvvh0YI=",
      "requires": {
        "hoek": "4.x.x"
      }
    },
    "tslib": {
      "version": "1.11.0",
      "resolved": "https://registry.npmjs.org/tslib/-/tslib-1.11.0.tgz",
      "integrity": "sha512-BmndXUtiTn/VDDrJzQE7Mm22Ix3PxgLltW9bSNLoeCY31gnG2OPx0QqJnuc9oMIKioYrz487i6K9o4Pdn0j+Kg=="
    },
    "url": {
      "version": "0.10.3",
      "resolved": "https://registry.npmjs.org/url/-/url-0.10.3.tgz",
      "integrity": "sha1-Ah5NnHcF8hu/N9A861h2dAJ3TGQ=",
      "requires": {
        "punycode": "1.3.2",
        "querystring": "0.2.0"
      }
    },
    "uuid": {
      "version": "3.4.0",
      "resolved": "https://registry.npmjs.org/uuid/-/uuid-3.4.0.tgz",
      "integrity": "sha512-HjSDRw6gZE5JMggctHBcjVak08+KEVhSIiDzFnT9S9aegmp85S/bReBVTb4QTFaRNptJ9kuYaNhnbNEOkbKb/A=="
    },
    "web-streams-polyfill": {
      "version": "3.2.0",
      "resolved": "https://registry.npmjs.org/web-streams-polyfill/-/web-streams-polyfill-3.2.0.tgz",
      "integrity": "sha512-EqPmREeOzttaLRm5HS7io98goBgZ7IVz79aDvqjD0kYXLtFZTc0T/U6wHTPKyIjb+MdN7DFIIX6hgdBEpWmfPA=="
    },
    "whatwg-fetch": {
      "version": "3.0.0",
      "resolved": "https://registry.npmjs.org/whatwg-fetch/-/whatwg-fetch-3.0.0.tgz",
      "integrity": "sha512-9GSJUgz1D4MfyKU7KRqwOjXCXTqWdFNvEr7eUBYchQiVc744mqK/MzXPNR2WsPkmkOa4ywfg8C2n8h+13Bey1Q=="
    },
    "wrappy": {
      "version": "1.0.2",
      "resolved": "https://registry.npmjs.org/wrappy/-/wrappy-1.0.2.tgz",
      "integrity": "sha1-tSQ9jz7BqjXxNkYFvA0QNuMKtp8="
    },
    "write-file-atomic": {
      "version": "1.3.4",
      "resolved": "https://registry.npmjs.org/write-file-atomic/-/write-file-atomic-1.3.4.tgz",
      "integrity": "sha1-+Aek8LHZ6ROuekgRLmzDrxmRtF8=",
      "requires": {
        "graceful-fs": "^4.1.11",
        "imurmurhash": "^0.1.4",
        "slide": "^1.1.5"
      }
    },
    "xml2js": {
      "version": "0.4.19",
      "resolved": "https://registry.npmjs.org/xml2js/-/xml2js-0.4.19.tgz",
      "integrity": "sha512-esZnJZJOiJR9wWKMyuvSE1y6Dq5LCuJanqhxslH2bxM6duahNZ+HMpCLhBQGZkbX6xRf8x1Y2eJlgt2q3qo49Q==",
      "requires": {
        "sax": ">=0.6.0",
        "xmlbuilder": "~9.0.1"
      }
    },
    "xmlbuilder": {
      "version": "9.0.7",
      "resolved": "https://registry.npmjs.org/xmlbuilder/-/xmlbuilder-9.0.7.tgz",
      "integrity": "sha1-Ey7mPS7FVlxVfiD0wi35rKaGsQ0="
    }
  }
}
